
Microsoft Visual Studio Solution File, Format Version 12.00
# Visual Studio Version 17
VisualStudioVersion = 17.0.31903.59
MinimumVisualStudioVersion = 10.0.40219.1
Project("{2150E333-8FDC-42A3-9474-1A3956D46DE8}") = "CSharp", "CSharp", "{B41BF331-FCCB-2ADF-CDB6-767964B34647}"
EndProject
Project("{2150E333-8FDC-42A3-9474-1A3956D46DE8}") = "OOP", "OOP", "{2635D90C-0009-15D9-4729-1CBA256F3B1C}"
EndProject
Project("{FAE04EC0-301F-11D3-BF4B-00C04F79EFBC}") = "productInsertion", "CSharp\OOP\productInsertion\productInsertion.csproj", "{D2CE8590-99F3-4B3D-8296-B646708FD629}"
EndProject
Project("{2150E333-8FDC-42A3-9474-1A3956D46DE8}") = "IPT", "IPT", "{00AD229D-DD4A-FD38-314F-A220D77F4C3F}"
EndProject
Project("{FAE04EC0-301F-11D3-BF4B-00C04F79EFBC}") = "billConsumption", "CSharp\IPT\billConsumption\billConsumption.csproj", "{86FAF455-9CC8-42C5-A9D8-C7F5D75A976E}"
EndProject
Global
	GlobalSection(SolutionConfigurationPlatforms) = preSolution
		Debug|Any CPU = Debug|Any CPU
		Debug|x64 = Debug|x64
		Debug|x86 = Debug|x86
		Release|Any CPU = Release|Any CPU
		Release|x64 = Release|x64
		Release|x86 = Release|x86
	EndGlobalSection
	GlobalSection(ProjectConfigurationPlatforms) = postSolution
		{D2CE8590-99F3-4B3D-8296-B646708FD629}.Debug|Any CPU.ActiveCfg = Debug|Any CPU
		{D2CE8590-99F3-4B3D-8296-B646708FD629}.Debug|Any CPU.Build.0 = Debug|Any CPU
		{D2CE8590-99F3-4B3D-8296-B646708FD629}.Debug|x64.ActiveCfg = Debug|Any CPU
		{D2CE8590-99F3-4B3D-8296-B646708FD629}.Debug|x64.Build.0 = Debug|Any CPU
		{D2CE8590-99F3-4B3D-8296-B646708FD629}.Debug|x86.ActiveCfg = Debug|Any CPU
		{D2CE8590-99F3-4B3D-8296-B646708FD629}.Debug|x86.Build.0 = Debug|Any CPU
		{D2CE8590-99F3-4B3D-8296-B646708FD629}.Release|Any CPU.ActiveCfg = Release|Any CPU
		{D2CE8590-99F3-4B3D-8296-B646708FD629}.Release|Any CPU.Build.0 = Release|Any CPU
		{D2CE8590-99F3-4B3D-8296-B646708FD629}.Release|x64.ActiveCfg = Release|Any CPU
		{D2CE8590-99F3-4B3D-8296-B646708FD629}.Release|x64.Build.0 = Release|Any CPU
		{D2CE8590-99F3-4B3D-8296-B646708FD629}.Release|x86.ActiveCfg = Release|Any CPU
		{D2CE8590-99F3-4B3D-8296-B646708FD629}.Release|x86.Build.0 = Release|Any CPU
		{86FAF455-9CC8-42C5-A9D8-C7F5D75A976E}.Debug|Any CPU.ActiveCfg = Debug|Any CPU
		{86FAF455-9CC8-42C5-A9D8-C7F5D75A976E}.Debug|Any CPU.Build.0 = Debug|Any CPU
		{86FAF455-9CC8-42C5-A9D8-C7F5D75A976E}.Debug|x64.ActiveCfg = Debug|Any CPU
		{86FAF455-9CC8-42C5-A9D8-C7F5D75A976E}.Debug|x64.Build.0 = Debug|Any CPU
		{86FAF455-9CC8-42C5-A9D8-C7F5D75A976E}.Debug|x86.ActiveCfg = Debug|Any CPU
		{86FAF455-9CC8-42C5-A9D8-C7F5D75A976E}.Debug|x86.Build.0 = Debug|Any CPU
		{86FAF455-9CC8-42C5-A9D8-C7F5D75A976E}.Release|Any CPU.ActiveCfg = Release|Any CPU
		{86FAF455-9CC8-42C5-A9D8-C7F5D75A976E}.Release|Any CPU.Build.0 = Release|Any CPU
		{86FAF455-9CC8-42C5-A9D8-C7F5D75A976E}.Release|x64.ActiveCfg = Release|Any CPU
		{86FAF455-9CC8-42C5-A9D8-C7F5D75A976E}.Release|x64.Build.0 = Release|Any CPU
		{86FAF455-9CC8-42C5-A9D8-C7F5D75A976E}.Release|x86.ActiveCfg = Release|Any CPU
		{86FAF455-9CC8-42C5-A9D8-C7F5D75A976E}.Release|x86.Build.0 = Release|Any CPU
	EndGlobalSection
	GlobalSection(SolutionProperties) = preSolution
		HideSolutionNode = FALSE
	EndGlobalSection
	GlobalSection(NestedProjects) = preSolution
		{2635D90C-0009-15D9-4729-1CBA256F3B1C} = {B41BF331-FCCB-2ADF-CDB6-767964B34647}
		{D2CE8590-99F3-4B3D-8296-B646708FD629} = {2635D90C-0009-15D9-4729-1CBA256F3B1C}
		{00AD229D-DD4A-FD38-314F-A220D77F4C3F} = {B41BF331-FCCB-2ADF-CDB6-767964B34647}
		{86FAF455-9CC8-42C5-A9D8-C7F5D75A976E} = {00AD229D-DD4A-FD38-314F-A220D77F4C3F}
	EndGlobalSection
EndGlobal
